// !$*UTF8*$!
{
	archiveVersion = 1;
	classes = {
	};
	objectVersion = 56;
	objects = {

/* Begin PBXBuildFile section */
		3478130A2B97BE4D00331F9B /* AppDelegate.swift in Sources */ = {isa = PBXBuildFile; fileRef = 347813092B97BE4D00331F9B /* AppDelegate.swift */; };
		3478130C2B97BE4D00331F9B /* SceneDelegate.swift in Sources */ = {isa = PBXBuildFile; fileRef = 3478130B2B97BE4D00331F9B /* SceneDelegate.swift */; };
		3478130E2B97BE4D00331F9B /* TransfersViewController.swift in Sources */ = {isa = PBXBuildFile; fileRef = 3478130D2B97BE4D00331F9B /* TransfersViewController.swift */; };
		347813132B97BE4E00331F9B /* Assets.xcassets in Resources */ = {isa = PBXBuildFile; fileRef = 347813122B97BE4E00331F9B /* Assets.xcassets */; };
		347813162B97BE4E00331F9B /* LaunchScreen.storyboard in Resources */ = {isa = PBXBuildFile; fileRef = 347813142B97BE4E00331F9B /* LaunchScreen.storyboard */; };
		347813202B97BF0400331F9B /* MakerView.swift in Sources */ = {isa = PBXBuildFile; fileRef = 3478131F2B97BF0400331F9B /* MakerView.swift */; };
		347813232B97C3CF00331F9B /* VisatoVisaTransferViewController.swift in Sources */ = {isa = PBXBuildFile; fileRef = 347813222B97C3CF00331F9B /* VisatoVisaTransferViewController.swift */; };
		347813252B97C40100331F9B /* ElcarttoElcartTransferViewController.swift in Sources */ = {isa = PBXBuildFile; fileRef = 347813242B97C40100331F9B /* ElcarttoElcartTransferViewController.swift */; };
		347813272B97C41F00331F9B /* SwiftTransferViewController.swift in Sources */ = {isa = PBXBuildFile; fileRef = 347813262B97C41F00331F9B /* SwiftTransferViewController.swift */; };
		347813292B97DB5C00331F9B /* MyCardView.swift in Sources */ = {isa = PBXBuildFile; fileRef = 347813282B97DB5C00331F9B /* MyCardView.swift */; };
		34BC4F672B9922E500F4EC49 /* ValidationProtocol.swift in Sources */ = {isa = PBXBuildFile; fileRef = 34BC4F662B9922E500F4EC49 /* ValidationProtocol.swift */; };
/* End PBXBuildFile section */

/* Begin PBXFileReference section */
		347813062B97BE4D00331F9B /* bankApp.app */ = {isa = PBXFileReference; explicitFileType = wrapper.application; includeInIndex = 0; path = bankApp.app; sourceTree = BUILT_PRODUCTS_DIR; };
		347813092B97BE4D00331F9B /* AppDelegate.swift */ = {isa = PBXFileReference; lastKnownFileType = sourcecode.swift; path = AppDelegate.swift; sourceTree = "<group>"; };
		3478130B2B97BE4D00331F9B /* SceneDelegate.swift */ = {isa = PBXFileReference; lastKnownFileType = sourcecode.swift; path = SceneDelegate.swift; sourceTree = "<group>"; };
		3478130D2B97BE4D00331F9B /* TransfersViewController.swift */ = {isa = PBXFileReference; lastKnownFileType = sourcecode.swift; path = TransfersViewController.swift; sourceTree = "<group>"; };
		347813122B97BE4E00331F9B /* Assets.xcassets */ = {isa = PBXFileReference; lastKnownFileType = folder.assetcatalog; path = Assets.xcassets; sourceTree = "<group>"; };
		347813152B97BE4E00331F9B /* Base */ = {isa = PBXFileReference; lastKnownFileType = file.storyboard; name = Base; path = Base.lproj/LaunchScreen.storyboard; sourceTree = "<group>"; };
		347813172B97BE4E00331F9B /* Info.plist */ = {isa = PBXFileReference; lastKnownFileType = text.plist.xml; path = Info.plist; sourceTree = "<group>"; };
		3478131F2B97BF0400331F9B /* MakerView.swift */ = {isa = PBXFileReference; lastKnownFileType = sourcecode.swift; path = MakerView.swift; sourceTree = "<group>"; };
		347813222B97C3CF00331F9B /* VisatoVisaTransferViewController.swift */ = {isa = PBXFileReference; lastKnownFileType = sourcecode.swift; path = VisatoVisaTransferViewController.swift; sourceTree = "<group>"; };
		347813242B97C40100331F9B /* ElcarttoElcartTransferViewController.swift */ = {isa = PBXFileReference; lastKnownFileType = sourcecode.swift; path = ElcarttoElcartTransferViewController.swift; sourceTree = "<group>"; };
		347813262B97C41F00331F9B /* SwiftTransferViewController.swift */ = {isa = PBXFileReference; lastKnownFileType = sourcecode.swift; path = SwiftTransferViewController.swift; sourceTree = "<group>"; };
		347813282B97DB5C00331F9B /* MyCardView.swift */ = {isa = PBXFileReference; lastKnownFileType = sourcecode.swift; path = MyCardView.swift; sourceTree = "<group>"; };
		34BC4F662B9922E500F4EC49 /* ValidationProtocol.swift */ = {isa = PBXFileReference; lastKnownFileType = sourcecode.swift; path = ValidationProtocol.swift; sourceTree = "<group>"; };
/* End PBXFileReference section */

/* Begin PBXFrameworksBuildPhase section */
		347813032B97BE4D00331F9B /* Frameworks */ = {
			isa = PBXFrameworksBuildPhase;
			buildActionMask = 2147483647;
			files = (
			);
			runOnlyForDeploymentPostprocessing = 0;
		};
/* End PBXFrameworksBuildPhase section */

/* Begin PBXGroup section */
		347812FD2B97BE4D00331F9B = {
			isa = PBXGroup;
			children = (
				347813082B97BE4D00331F9B /* bankApp */,
				347813072B97BE4D00331F9B /* Products */,
			);
			sourceTree = "<group>";
		};
		347813072B97BE4D00331F9B /* Products */ = {
			isa = PBXGroup;
			children = (
				347813062B97BE4D00331F9B /* bankApp.app */,
			);
			name = Products;
			sourceTree = "<group>";
		};
		347813082B97BE4D00331F9B /* bankApp */ = {
			isa = PBXGroup;
			children = (
				3478131D2B97BED600331F9B /* Modules */,
				34BC4F682B99232C00F4EC49 /* Protocol */,
				3478131E2B97BEE500331F9B /* ViewControllers */,
				347813212B97BF2B00331F9B /* Views */,
				34BC4F692B9947E600F4EC49 /* MakerView */,
				347813122B97BE4E00331F9B /* Assets.xcassets */,
				347813142B97BE4E00331F9B /* LaunchScreen.storyboard */,
				347813172B97BE4E00331F9B /* Info.plist */,
			);
			path = bankApp;
			sourceTree = "<group>";
		};
		3478131D2B97BED600331F9B /* Modules */ = {
			isa = PBXGroup;
			children = (
				347813092B97BE4D00331F9B /* AppDelegate.swift */,
				3478130B2B97BE4D00331F9B /* SceneDelegate.swift */,
			);
			path = Modules;
			sourceTree = "<group>";
		};
		3478131E2B97BEE500331F9B /* ViewControllers */ = {
			isa = PBXGroup;
			children = (
				3478130D2B97BE4D00331F9B /* TransfersViewController.swift */,
				347813222B97C3CF00331F9B /* VisatoVisaTransferViewController.swift */,
				347813242B97C40100331F9B /* ElcarttoElcartTransferViewController.swift */,
				347813262B97C41F00331F9B /* SwiftTransferViewController.swift */,
			);
			path = ViewControllers;
			sourceTree = "<group>";
		};
		347813212B97BF2B00331F9B /* Views */ = {
			isa = PBXGroup;
			children = (
				347813282B97DB5C00331F9B /* MyCardView.swift */,
			);
			path = Views;
			sourceTree = "<group>";
		};
		34BC4F682B99232C00F4EC49 /* Protocol */ = {
			isa = PBXGroup;
			children = (
				34BC4F662B9922E500F4EC49 /* ValidationProtocol.swift */,
			);
			path = Protocol;
			sourceTree = "<group>";
		};
		34BC4F692B9947E600F4EC49 /* MakerView */ = {
			isa = PBXGroup;
			children = (
				3478131F2B97BF0400331F9B /* MakerView.swift */,
			);
			path = MakerView;
			sourceTree = "<group>";
		};
/* End PBXGroup section */

/* Begin PBXNativeTarget section */
		347813052B97BE4D00331F9B /* bankApp */ = {
			isa = PBXNativeTarget;
			buildConfigurationList = 3478131A2B97BE4E00331F9B /* Build configuration list for PBXNativeTarget "bankApp" */;
			buildPhases = (
				347813022B97BE4D00331F9B /* Sources */,
				347813032B97BE4D00331F9B /* Frameworks */,
				347813042B97BE4D00331F9B /* Resources */,
			);
			buildRules = (
			);
			dependencies = (
			);
			name = bankApp;
			productName = bankApp;
			productReference = 347813062B97BE4D00331F9B /* bankApp.app */;
			productType = "com.apple.product-type.application";
		};
/* End PBXNativeTarget section */

/* Begin PBXProject section */
		347812FE2B97BE4D00331F9B /* Project object */ = {
			isa = PBXProject;
			attributes = {
				BuildIndependentTargetsInParallel = 1;
				LastSwiftUpdateCheck = 1500;
				LastUpgradeCheck = 1500;
				TargetAttributes = {
					347813052B97BE4D00331F9B = {
						CreatedOnToolsVersion = 15.0.1;
					};
				};
			};
			buildConfigurationList = 347813012B97BE4D00331F9B /* Build configuration list for PBXProject "bankApp" */;
			compatibilityVersion = "Xcode 14.0";
			developmentRegion = en;
			hasScannedForEncodings = 0;
			knownRegions = (
				en,
				Base,
			);
			mainGroup = 347812FD2B97BE4D00331F9B;
			productRefGroup = 347813072B97BE4D00331F9B /* Products */;
			projectDirPath = "";
			projectRoot = "";
			targets = (
				347813052B97BE4D00331F9B /* bankApp */,
			);
		};
/* End PBXProject section */

/* Begin PBXResourcesBuildPhase section */
		347813042B97BE4D00331F9B /* Resources */ = {
			isa = PBXResourcesBuildPhase;
			buildActionMask = 2147483647;
			files = (
				347813162B97BE4E00331F9B /* LaunchScreen.storyboard in Resources */,
				347813132B97BE4E00331F9B /* Assets.xcassets in Resources */,
			);
			runOnlyForDeploymentPostprocessing = 0;
		};
/* End PBXResourcesBuildPhase section */

/* Begin PBXSourcesBuildPhase section */
		347813022B97BE4D00331F9B /* Sources */ = {
			isa = PBXSourcesBuildPhase;
			buildActionMask = 2147483647;
			files = (
				347813272B97C41F00331F9B /* SwiftTransferViewController.swift in Sources */,
				34BC4F672B9922E500F4EC49 /* ValidationProtocol.swift in Sources */,
				3478130E2B97BE4D00331F9B /* TransfersViewController.swift in Sources */,
				347813202B97BF0400331F9B /* MakerView.swift in Sources */,
				3478130A2B97BE4D00331F9B /* AppDelegate.swift in Sources */,
				347813232B97C3CF00331F9B /* VisatoVisaTransferViewController.swift in Sources */,
				347813252B97C40100331F9B /* ElcarttoElcartTransferViewController.swift in Sources */,
				347813292B97DB5C00331F9B /* MyCardView.swift in Sources */,
				3478130C2B97BE4D00331F9B /* SceneDelegate.swift in Sources */,
			);
			runOnlyForDeploymentPostprocessing = 0;
		};
/* End PBXSourcesBuildPhase section */

/* Begin PBXVariantGroup section */
		347813142B97BE4E00331F9B /* LaunchScreen.storyboard */ = {
			isa = PBXVariantGroup;
			children = (
				347813152B97BE4E00331F9B /* Base */,
			);
			name = LaunchScreen.storyboard;
			sourceTree = "<group>";
		};
/* End PBXVariantGroup section */

/* Begin XCBuildConfiguration section */
		347813182B97BE4E00331F9B /* Debug */ = {
			isa = XCBuildConfiguration;
			buildSettings = {
				ALWAYS_SEARCH_USER_PATHS = NO;
				ASSETCATALOG_COMPILER_GENERATE_SWIFT_ASSET_SYMBOL_EXTENSIONS = YES;
				CLANG_ANALYZER_NONNULL = YES;
				CLANG_ANALYZER_NUMBER_OBJECT_CONVERSION = YES_AGGRESSIVE;
				CLANG_CXX_LANGUAGE_STANDARD = "gnu++20";
				CLANG_ENABLE_MODULES = YES;
				CLANG_ENABLE_OBJC_ARC = YES;
				CLANG_ENABLE_OBJC_WEAK = YES;
				CLANG_WARN_BLOCK_CAPTURE_AUTORELEASING = YES;
				CLANG_WARN_BOOL_CONVERSION = YES;
				CLANG_WARN_COMMA = YES;
				CLANG_WARN_CONSTANT_CONVERSION = YES;
				CLANG_WARN_DEPRECATED_OBJC_IMPLEMENTATIONS = YES;
				CLANG_WARN_DIRECT_OBJC_ISA_USAGE = YES_ERROR;
				CLANG_WARN_DOCUMENTATION_COMMENTS = YES;
				CLANG_WARN_EMPTY_BODY = YES;
				CLANG_WARN_ENUM_CONVERSION = YES;
				CLANG_WARN_INFINITE_RECURSION = YES;
				CLANG_WARN_INT_CONVERSION = YES;
				CLANG_WARN_NON_LITERAL_NULL_CONVERSION = YES;
				CLANG_WARN_OBJC_IMPLICIT_RETAIN_SELF = YES;
				CLANG_WARN_OBJC_LITERAL_CONVERSION = YES;
				CLANG_WARN_OBJC_ROOT_CLASS = YES_ERROR;
				CLANG_WARN_QUOTED_INCLUDE_IN_FRAMEWORK_HEADER = YES;
				CLANG_WARN_RANGE_LOOP_ANALYSIS = YES;
				CLANG_WARN_STRICT_PROTOTYPES = YES;
				CLANG_WARN_SUSPICIOUS_MOVE = YES;
				CLANG_WARN_UNGUARDED_AVAILABILITY = YES_AGGRESSIVE;
				CLANG_WARN_UNREACHABLE_CODE = YES;
				CLANG_WARN__DUPLICATE_METHOD_MATCH = YES;
				COPY_PHASE_STRIP = NO;
				DEBUG_INFORMATION_FORMAT = dwarf;
				ENABLE_STRICT_OBJC_MSGSEND = YES;
				ENABLE_TESTABILITY = YES;
				ENABLE_USER_SCRIPT_SANDBOXING = YES;
				GCC_C_LANGUAGE_STANDARD = gnu17;
				GCC_DYNAMIC_NO_PIC = NO;
				GCC_NO_COMMON_BLOCKS = YES;
				GCC_OPTIMIZATION_LEVEL = 0;
				GCC_PREPROCESSOR_DEFINITIONS = (
					"DEBUG=1",
					"$(inherited)",
				);
				GCC_WARN_64_TO_32_BIT_CONVERSION = YES;
				GCC_WARN_ABOUT_RETURN_TYPE = YES_ERROR;
				GCC_WARN_UNDECLARED_SELECTOR = YES;
				GCC_WARN_UNINITIALIZED_AUTOS = YES_AGGRESSIVE;
				GCC_WARN_UNUSED_FUNCTION = YES;
				GCC_WARN_UNUSED_VARIABLE = YES;
				IPHONEOS_DEPLOYMENT_TARGET = 17.0;
				LOCALIZATION_PREFERS_STRING_CATALOGS = YES;
				MTL_ENABLE_DEBUG_INFO = INCLUDE_SOURCE;
				MTL_FAST_MATH = YES;
				ONLY_ACTIVE_ARCH = YES;
				SDKROOT = iphoneos;
				SWIFT_ACTIVE_COMPILATION_CONDITIONS = "DEBUG $(inherited)";
				SWIFT_OPTIMIZATION_LEVEL = "-Onone";
			};
			name = Debug;
		};
		347813192B97BE4E00331F9B /* Release */ = {
			isa = XCBuildConfiguration;
			buildSettings = {
				ALWAYS_SEARCH_USER_PATHS = NO;
				ASSETCATALOG_COMPILER_GENERATE_SWIFT_ASSET_SYMBOL_EXTENSIONS = YES;
				CLANG_ANALYZER_NONNULL = YES;
				CLANG_ANALYZER_NUMBER_OBJECT_CONVERSION = YES_AGGRESSIVE;
				CLANG_CXX_LANGUAGE_STANDARD = "gnu++20";
				CLANG_ENABLE_MODULES = YES;
				CLANG_ENABLE_OBJC_ARC = YES;
				CLANG_ENABLE_OBJC_WEAK = YES;
				CLANG_WARN_BLOCK_CAPTURE_AUTORELEASING = YES;
				CLANG_WARN_BOOL_CONVERSION = YES;
				CLANG_WARN_COMMA = YES;
				CLANG_WARN_CONSTANT_CONVERSION = YES;
				CLANG_WARN_DEPRECATED_OBJC_IMPLEMENTATIONS = YES;
				CLANG_WARN_DIRECT_OBJC_ISA_USAGE = YES_ERROR;
				CLANG_WARN_DOCUMENTATION_COMMENTS = YES;
				CLANG_WARN_EMPTY_BODY = YES;
				CLANG_WARN_ENUM_CONVERSION = YES;
				CLANG_WARN_INFINITE_RECURSION = YES;
				CLANG_WARN_INT_CONVERSION = YES;
				CLANG_WARN_NON_LITERAL_NULL_CONVERSION = YES;
				CLANG_WARN_OBJC_IMPLICIT_RETAIN_SELF = YES;
				CLANG_WARN_OBJC_LITERAL_CONVERSION = YES;
				CLANG_WARN_OBJC_ROOT_CLASS = YES_ERROR;
				CLANG_WARN_QUOTED_INCLUDE_IN_FRAMEWORK_HEADER = YES;
				CLANG_WARN_RANGE_LOOP_ANALYSIS = YES;
				CLANG_WARN_STRICT_PROTOTYPES = YES;
				CLANG_WARN_SUSPICIOUS_MOVE = YES;
				CLANG_WARN_UNGUARDED_AVAILABILITY = YES_AGGRESSIVE;
				CLANG_WARN_UNREACHABLE_CODE = YES;
				CLANG_WARN__DUPLICATE_METHOD_MATCH = YES;
				COPY_PHASE_STRIP = NO;
				DEBUG_INFORMATION_FORMAT = "dwarf-with-dsym";
				ENABLE_NS_ASSERTIONS = NO;
				ENABLE_STRICT_OBJC_MSGSEND = YES;
				ENABLE_USER_SCRIPT_SANDBOXING = YES;
				GCC_C_LANGUAGE_STANDARD = gnu17;
				GCC_NO_COMMON_BLOCKS = YES;
				GCC_WARN_64_TO_32_BIT_CONVERSION = YES;
				GCC_WARN_ABOUT_RETURN_TYPE = YES_ERROR;
				GCC_WARN_UNDECLARED_SELECTOR = YES;
				GCC_WARN_UNINITIALIZED_AUTOS = YES_AGGRESSIVE;
				GCC_WARN_UNUSED_FUNCTION = YES;
				GCC_WARN_UNUSED_VARIABLE = YES;
				IPHONEOS_DEPLOYMENT_TARGET = 17.0;
				LOCALIZATION_PREFERS_STRING_CATALOGS = YES;
				MTL_ENABLE_DEBUG_INFO = NO;
				MTL_FAST_MATH = YES;
				SDKROOT = iphoneos;
				SWIFT_COMPILATION_MODE = wholemodule;
				VALIDATE_PRODUCT = YES;
			};
			name = Release;
		};
		3478131B2B97BE4E00331F9B /* Debug */ = {
			isa = XCBuildConfiguration;
			buildSettings = {
				ASSETCATALOG_COMPILER_APPICON_NAME = AppIcon;
				ASSETCATALOG_COMPILER_GLOBAL_ACCENT_COLOR_NAME = AccentColor;
				CODE_SIGN_STYLE = Automatic;
				CURRENT_PROJECT_VERSION = 1;
				DEVELOPMENT_TEAM = LW4WS2JJ5L;
				GENERATE_INFOPLIST_FILE = YES;
				INFOPLIST_FILE = bankApp/Info.plist;
				INFOPLIST_KEY_UIApplicationSupportsIndirectInputEvents = YES;
				INFOPLIST_KEY_UILaunchStoryboardName = LaunchScreen;
				INFOPLIST_KEY_UISupportedInterfaceOrientations_iPad = "UIInterfaceOrientationPortrait UIInterfaceOrientationPortraitUpsideDown UIInterfaceOrientationLandscapeLeft UIInterfaceOrientationLandscapeRight";
				INFOPLIST_KEY_UISupportedInterfaceOrientations_iPhone = "UIInterfaceOrientationPortrait UIInterfaceOrientationLandscapeLeft UIInterfaceOrientationLandscapeRight";
				LD_RUNPATH_SEARCH_PATHS = (
					"$(inherited)",
					"@executable_path/Frameworks",
				);
				MARKETING_VERSION = 1.0;
				PRODUCT_BUNDLE_IDENTIFIER = com.zhamilia.bankApp;
				PRODUCT_NAME = "$(TARGET_NAME)";
				SWIFT_EMIT_LOC_STRINGS = YES;
				SWIFT_VERSION = 5.0;
				TARGETED_DEVICE_FAMILY = "1,2";
			};
			name = Debug;
		};
		3478131C2B97BE4E00331F9B /* Release */ = {
			isa = XCBuildConfiguration;
			buildSettings = {
				ASSETCATALOG_COMPILER_APPICON_NAME = AppIcon;
				ASSETCATALOG_COMPILER_GLOBAL_ACCENT_COLOR_NAME = AccentColor;
				CODE_SIGN_STYLE = Automatic;
				CURRENT_PROJECT_VERSION = 1;
				DEVELOPMENT_TEAM = LW4WS2JJ5L;
				GENERATE_INFOPLIST_FILE = YES;
				INFOPLIST_FILE = bankApp/Info.plist;
				INFOPLIST_KEY_UIApplicationSupportsIndirectInputEvents = YES;
				INFOPLIST_KEY_UILaunchStoryboardName = LaunchScreen;
				INFOPLIST_KEY_UISupportedInterfaceOrientations_iPad = "UIInterfaceOrientationPortrait UIInterfaceOrientationPortraitUpsideDown UIInterfaceOrientationLandscapeLeft UIInterfaceOrientationLandscapeRight";
				INFOPLIST_KEY_UISupportedInterfaceOrientations_iPhone = "UIInterfaceOrientationPortrait UIInterfaceOrientationLandscapeLeft UIInterfaceOrientationLandscapeRight";
				LD_RUNPATH_SEARCH_PATHS = (
					"$(inherited)",
					"@executable_path/Frameworks",
				);
				MARKETING_VERSION = 1.0;
				PRODUCT_BUNDLE_IDENTIFIER = com.zhamilia.bankApp;
				PRODUCT_NAME = "$(TARGET_NAME)";
				SWIFT_EMIT_LOC_STRINGS = YES;
				SWIFT_VERSION = 5.0;
				TARGETED_DEVICE_FAMILY = "1,2";
			};
			name = Release;
		};
/* End XCBuildConfiguration section */

/* Begin XCConfigurationList section */
		347813012B97BE4D00331F9B /* Build configuration list for PBXProject "bankApp" */ = {
			isa = XCConfigurationList;
			buildConfigurations = (
				347813182B97BE4E00331F9B /* Debug */,
				347813192B97BE4E00331F9B /* Release */,
			);
			defaultConfigurationIsVisible = 0;
			defaultConfigurationName = Release;
		};
		3478131A2B97BE4E00331F9B /* Build configuration list for PBXNativeTarget "bankApp" */ = {
			isa = XCConfigurationList;
			buildConfigurations = (
				3478131B2B97BE4E00331F9B /* Debug */,
				3478131C2B97BE4E00331F9B /* Release */,
			);
			defaultConfigurationIsVisible = 0;
			defaultConfigurationName = Release;
		};
/* End XCConfigurationList section */
	};
	rootObject = 347812FE2B97BE4D00331F9B /* Project object */;
}
